{
  "name": "arras",
  "version": "1.0.0",
  "lockfileVersion": 2,
  "requires": true,
  "packages": {
    "": {
      "name": "arras",
      "version": "1.0.0",
      "license": "GPL-3.0",
      "dependencies": {
        "google-closure-library": "^20230802.0.0",
        "ws": "^8.18.0"
      },
      "engines": {
        "node": "v16.14.2"
      }
    },
    "node_modules/google-closure-library": {
      "version": "20230802.0.0",
      "resolved": "https://registry.npmjs.org/google-closure-library/-/google-closure-library-20230802.0.0.tgz",
      "integrity": "sha512-h2lBEX2tjWwfR+dhFukGER15vKY+4cA3nRqwKSOsBdyizlOxTAHOWbEYiGnMoom3/SrVeQ5uG0eKsbxQ3wbsxA=="
    },
    "node_modules/ws": {
      "version": "8.18.0",
      "resolved": "https://registry.npmjs.org/ws/-/ws-8.18.0.tgz",
      "integrity": "sha512-8VbfWfHLbbwu3+N6OKsOMpBdT4kXPDDB9cJk2bJ6mh9ucxdlnNvH1e+roYkKmN9Nxw2yjz7VzeO9oOz2zJ04Pw==",
      "engines": {
        "node": ">=10.0.0"
      },
      "peerDependencies": {
        "bufferutil": "^4.0.1",
        "utf-8-validate": ">=5.0.2"
      },
      "peerDependenciesMeta": {
        "bufferutil": {
          "optional": true
        },
        "utf-8-validate": {
          "optional": true
        }
      }
    }
  },
  "dependencies": {
    "google-closure-library": {
      "version": "20230802.0.0",
      "resolved": "https://registry.npmjs.org/google-closure-library/-/google-closure-library-20230802.0.0.tgz",
      "integrity": "sha512-h2lBEX2tjWwfR+dhFukGER15vKY+4cA3nRqwKSOsBdyizlOxTAHOWbEYiGnMoom3/SrVeQ5uG0eKsbxQ3wbsxA=="
    },
    "ws": {
      "version": "8.18.0",
      "resolved": "https://registry.npmjs.org/ws/-/ws-8.18.0.tgz",
      "integrity": "sha512-8VbfWfHLbbwu3+N6OKsOMpBdT4kXPDDB9cJk2bJ6mh9ucxdlnNvH1e+roYkKmN9Nxw2yjz7VzeO9oOz2zJ04Pw==",
      "requires": {}
    }
  }
}
